
Microsoft Visual Studio Solution File, Format Version 12.00
# Visual Studio Version 16
VisualStudioVersion = 16.0.32510.428
MinimumVisualStudioVersion = 10.0.40219.1
Project("{FAE04EC0-301F-11D3-BF4B-00C04F79EFBC}") = "Collections", "Collections\Collections.csproj", "{D0D9942F-08C2-4CCA-BF27-27ACF3FF0011}"
EndProject
Global
	GlobalSection(SolutionConfigurationPlatforms) = preSolution
		Debug|Any CPU = Debug|Any CPU
		Release|Any CPU = Release|Any CPU
	EndGlobalSection
	GlobalSection(ProjectConfigurationPlatforms) = postSolution
		{D0D9942F-08C2-4CCA-BF27-27ACF3FF0011}.Debug|Any CPU.ActiveCfg = Debug|Any CPU
		{D0D9942F-08C2-4CCA-BF27-27ACF3FF0011}.Debug|Any CPU.Build.0 = Debug|Any CPU
		{D0D9942F-08C2-4CCA-BF27-27ACF3FF0011}.Release|Any CPU.ActiveCfg = Release|Any CPU
		{D0D9942F-08C2-4CCA-BF27-27ACF3FF0011}.Release|Any CPU.Build.0 = Release|Any CPU
	EndGlobalSection
	GlobalSection(SolutionProperties) = preSolution
		HideSolutionNode = FALSE
	EndGlobalSection
	GlobalSection(ExtensibilityGlobals) = postSolution
		SolutionGuid = {AF9EE590-03BB-4CD4-AA2E-9BF71080F705}
	EndGlobalSection
EndGlobal
